
Microsoft Visual Studio Solution File, Format Version 12.00
# Visual Studio Version 16
VisualStudioVersion = 16.0.30804.86
MinimumVisualStudioVersion = 10.0.40219.1
Project("{FAE04EC0-301F-11D3-BF4B-00C04F79EFBC}") = "OCPlanner", "OCPlanner.csproj", "{85B67FDF-CAD2-47F0-AB01-EDC6DB9EDBE8}"
EndProject
Global
	GlobalSection(SolutionConfigurationPlatforms) = preSolution
		Debug|Any CPU = Debug|Any CPU
		Release|Any CPU = Release|Any CPU
	EndGlobalSection
	GlobalSection(ProjectConfigurationPlatforms) = postSolution
		{85B67FDF-CAD2-47F0-AB01-EDC6DB9EDBE8}.Debug|Any CPU.ActiveCfg = Debug|Any CPU
		{85B67FDF-CAD2-47F0-AB01-EDC6DB9EDBE8}.Debug|Any CPU.Build.0 = Debug|Any CPU
		{85B67FDF-CAD2-47F0-AB01-EDC6DB9EDBE8}.Release|Any CPU.ActiveCfg = Release|Any CPU
		{85B67FDF-CAD2-47F0-AB01-EDC6DB9EDBE8}.Release|Any CPU.Build.0 = Release|Any CPU
	EndGlobalSection
	GlobalSection(SolutionProperties) = preSolution
		HideSolutionNode = FALSE
	EndGlobalSection
	GlobalSection(ExtensibilityGlobals) = postSolution
		SolutionGuid = {BAA10981-A773-461E-AA4F-BE7A4208DC31}
	EndGlobalSection
EndGlobal
